Microsoft Visual Studio Solution File, Format Version 9.00
# Visual Studio 2005
Project("{8BC9CEB8-8B4A-11D0-8D11-00A0C91BC942}") = "ALL_BUILD", ".\ALL_BUILD.vcproj", "{B647D708-7A4E-490A-AF33-C8175CC584DF}"
	ProjectSection(ProjectDependencies) = postProject
		{7168E5E2-75DA-4E7C-8262-32A86D672B6C} = {7168E5E2-75DA-4E7C-8262-32A86D672B6C}
		{1EB55A34-36A5-4DF8-AF8D-487072C3F23E} = {1EB55A34-36A5-4DF8-AF8D-487072C3F23E}
		{CDBBF450-98A1-4BA5-9156-88CE0E5A19C7} = {CDBBF450-98A1-4BA5-9156-88CE0E5A19C7}
		{CE9F7F18-89EB-4794-99F1-9C2AB7344F7C} = {CE9F7F18-89EB-4794-99F1-9C2AB7344F7C}
		{083DF23A-5564-4ED9-8151-7477A7714D99} = {083DF23A-5564-4ED9-8151-7477A7714D99}
		{383C4DA3-E388-4A2A-BF4C-DB00B4FC1D84} = {383C4DA3-E388-4A2A-BF4C-DB00B4FC1D84}
		{CA5BFF24-261E-4B7E-9E5F-B10BDC979A90} = {CA5BFF24-261E-4B7E-9E5F-B10BDC979A90}
		{E9D32CDC-AA6E-441F-835C-AFFED7F2C218} = {E9D32CDC-AA6E-441F-835C-AFFED7F2C218}
		{9A2D5A6A-D145-45FB-9AEA-84EDDC0D9D24} = {9A2D5A6A-D145-45FB-9AEA-84EDDC0D9D24}
		{60CF8A6E-2F27-4F8E-A1DF-9B7837D0737F} = {60CF8A6E-2F27-4F8E-A1DF-9B7837D0737F}
		{53F6BD21-2E91-4CAC-BEC9-39C2C3CA1CC2} = {53F6BD21-2E91-4CAC-BEC9-39C2C3CA1CC2}
		{0A429060-F699-4C83-8240-E7636191D575} = {0A429060-F699-4C83-8240-E7636191D575}
		{E65D8B9C-F851-40D6-9422-5A40D5659861} = {E65D8B9C-F851-40D6-9422-5A40D5659861}
	EndProjectSection
EndProject
Project("{8BC9CEB8-8B4A-11D0-8D11-00A0C91BC942}") = "INSTALL", ".\INSTALL.vcproj", "{764783B3-C87C-4A09-B096-1D6F124FEDAD}"
	ProjectSection(ProjectDependencies) = postProject
		{B647D708-7A4E-490A-AF33-C8175CC584DF} = {B647D708-7A4E-490A-AF33-C8175CC584DF}
		{E65D8B9C-F851-40D6-9422-5A40D5659861} = {E65D8B9C-F851-40D6-9422-5A40D5659861}
	EndProjectSection
EndProject
Project("{8BC9CEB8-8B4A-11D0-8D11-00A0C91BC942}") = "ZERO_CHECK", ".\ZERO_CHECK.vcproj", "{E65D8B9C-F851-40D6-9422-5A40D5659861}"
	ProjectSection(ProjectDependencies) = postProject
	EndProjectSection
EndProject
Project("{8BC9CEB8-8B4A-11D0-8D11-00A0C91BC942}") = "dcmdata", "libsrc\dcmdata.vcproj", "{7168E5E2-75DA-4E7C-8262-32A86D672B6C}"
	ProjectSection(ProjectDependencies) = postProject
		{E65D8B9C-F851-40D6-9422-5A40D5659861} = {E65D8B9C-F851-40D6-9422-5A40D5659861}
	EndProjectSection
EndProject
Project("{8BC9CEB8-8B4A-11D0-8D11-00A0C91BC942}") = "dcm2xml", "apps\dcm2xml.vcproj", "{1EB55A34-36A5-4DF8-AF8D-487072C3F23E}"
	ProjectSection(ProjectDependencies) = postProject
		{7168E5E2-75DA-4E7C-8262-32A86D672B6C} = {7168E5E2-75DA-4E7C-8262-32A86D672B6C}
		{E65D8B9C-F851-40D6-9422-5A40D5659861} = {E65D8B9C-F851-40D6-9422-5A40D5659861}
	EndProjectSection
EndProject
Project("{8BC9CEB8-8B4A-11D0-8D11-00A0C91BC942}") = "dcmconv", "apps\dcmconv.vcproj", "{CDBBF450-98A1-4BA5-9156-88CE0E5A19C7}"
	ProjectSection(ProjectDependencies) = postProject
		{7168E5E2-75DA-4E7C-8262-32A86D672B6C} = {7168E5E2-75DA-4E7C-8262-32A86D672B6C}
		{E65D8B9C-F851-40D6-9422-5A40D5659861} = {E65D8B9C-F851-40D6-9422-5A40D5659861}
	EndProjectSection
EndProject
Project("{8BC9CEB8-8B4A-11D0-8D11-00A0C91BC942}") = "dcmcrle", "apps\dcmcrle.vcproj", "{CE9F7F18-89EB-4794-99F1-9C2AB7344F7C}"
	ProjectSection(ProjectDependencies) = postProject
		{7168E5E2-75DA-4E7C-8262-32A86D672B6C} = {7168E5E2-75DA-4E7C-8262-32A86D672B6C}
		{E65D8B9C-F851-40D6-9422-5A40D5659861} = {E65D8B9C-F851-40D6-9422-5A40D5659861}
	EndProjectSection
EndProject
Project("{8BC9CEB8-8B4A-11D0-8D11-00A0C91BC942}") = "dcmdrle", "apps\dcmdrle.vcproj", "{083DF23A-5564-4ED9-8151-7477A7714D99}"
	ProjectSection(ProjectDependencies) = postProject
		{7168E5E2-75DA-4E7C-8262-32A86D672B6C} = {7168E5E2-75DA-4E7C-8262-32A86D672B6C}
		{E65D8B9C-F851-40D6-9422-5A40D5659861} = {E65D8B9C-F851-40D6-9422-5A40D5659861}
	EndProjectSection
EndProject
Project("{8BC9CEB8-8B4A-11D0-8D11-00A0C91BC942}") = "dcmdump", "apps\dcmdump.vcproj", "{383C4DA3-E388-4A2A-BF4C-DB00B4FC1D84}"
	ProjectSection(ProjectDependencies) = postProject
		{7168E5E2-75DA-4E7C-8262-32A86D672B6C} = {7168E5E2-75DA-4E7C-8262-32A86D672B6C}
		{E65D8B9C-F851-40D6-9422-5A40D5659861} = {E65D8B9C-F851-40D6-9422-5A40D5659861}
	EndProjectSection
EndProject
Project("{8BC9CEB8-8B4A-11D0-8D11-00A0C91BC942}") = "dcmftest", "apps\dcmftest.vcproj", "{CA5BFF24-261E-4B7E-9E5F-B10BDC979A90}"
	ProjectSection(ProjectDependencies) = postProject
		{E65D8B9C-F851-40D6-9422-5A40D5659861} = {E65D8B9C-F851-40D6-9422-5A40D5659861}
	EndProjectSection
EndProject
Project("{8BC9CEB8-8B4A-11D0-8D11-00A0C91BC942}") = "dcmgpdir", "apps\dcmgpdir.vcproj", "{E9D32CDC-AA6E-441F-835C-AFFED7F2C218}"
	ProjectSection(ProjectDependencies) = postProject
		{7168E5E2-75DA-4E7C-8262-32A86D672B6C} = {7168E5E2-75DA-4E7C-8262-32A86D672B6C}
		{E65D8B9C-F851-40D6-9422-5A40D5659861} = {E65D8B9C-F851-40D6-9422-5A40D5659861}
	EndProjectSection
EndProject
Project("{8BC9CEB8-8B4A-11D0-8D11-00A0C91BC942}") = "dcmodify", "apps\dcmodify.vcproj", "{9A2D5A6A-D145-45FB-9AEA-84EDDC0D9D24}"
	ProjectSection(ProjectDependencies) = postProject
		{7168E5E2-75DA-4E7C-8262-32A86D672B6C} = {7168E5E2-75DA-4E7C-8262-32A86D672B6C}
		{E65D8B9C-F851-40D6-9422-5A40D5659861} = {E65D8B9C-F851-40D6-9422-5A40D5659861}
	EndProjectSection
EndProject
Project("{8BC9CEB8-8B4A-11D0-8D11-00A0C91BC942}") = "dump2dcm", "apps\dump2dcm.vcproj", "{60CF8A6E-2F27-4F8E-A1DF-9B7837D0737F}"
	ProjectSection(ProjectDependencies) = postProject
		{7168E5E2-75DA-4E7C-8262-32A86D672B6C} = {7168E5E2-75DA-4E7C-8262-32A86D672B6C}
		{E65D8B9C-F851-40D6-9422-5A40D5659861} = {E65D8B9C-F851-40D6-9422-5A40D5659861}
	EndProjectSection
EndProject
Project("{8BC9CEB8-8B4A-11D0-8D11-00A0C91BC942}") = "pdf2dcm", "apps\pdf2dcm.vcproj", "{53F6BD21-2E91-4CAC-BEC9-39C2C3CA1CC2}"
	ProjectSection(ProjectDependencies) = postProject
		{7168E5E2-75DA-4E7C-8262-32A86D672B6C} = {7168E5E2-75DA-4E7C-8262-32A86D672B6C}
		{E65D8B9C-F851-40D6-9422-5A40D5659861} = {E65D8B9C-F851-40D6-9422-5A40D5659861}
	EndProjectSection
EndProject
Project("{8BC9CEB8-8B4A-11D0-8D11-00A0C91BC942}") = "xml2dcm", "apps\xml2dcm.vcproj", "{0A429060-F699-4C83-8240-E7636191D575}"
	ProjectSection(ProjectDependencies) = postProject
		{7168E5E2-75DA-4E7C-8262-32A86D672B6C} = {7168E5E2-75DA-4E7C-8262-32A86D672B6C}
		{E65D8B9C-F851-40D6-9422-5A40D5659861} = {E65D8B9C-F851-40D6-9422-5A40D5659861}
	EndProjectSection
EndProject
Global
	GlobalSection(SolutionConfigurationPlatforms) = preSolution
		Debug|Win32 = Debug|Win32
		Release|Win32 = Release|Win32
		MinSizeRel|Win32 = MinSizeRel|Win32
		RelWithDebInfo|Win32 = RelWithDebInfo|Win32
	EndGlobalSection
	GlobalSection(ProjectConfigurationPlatforms) = postSolution
		{B647D708-7A4E-490A-AF33-C8175CC584DF}.Debug|Win32.ActiveCfg = Debug|Win32
		{B647D708-7A4E-490A-AF33-C8175CC584DF}.Debug|Win32.Build.0 = Debug|Win32
		{B647D708-7A4E-490A-AF33-C8175CC584DF}.Release|Win32.ActiveCfg = Release|Win32
		{B647D708-7A4E-490A-AF33-C8175CC584DF}.Release|Win32.Build.0 = Release|Win32
		{B647D708-7A4E-490A-AF33-C8175CC584DF}.MinSizeRel|Win32.ActiveCfg = MinSizeRel|Win32
		{B647D708-7A4E-490A-AF33-C8175CC584DF}.MinSizeRel|Win32.Build.0 = MinSizeRel|Win32
		{B647D708-7A4E-490A-AF33-C8175CC584DF}.RelWithDebInfo|Win32.ActiveCfg = RelWithDebInfo|Win32
		{B647D708-7A4E-490A-AF33-C8175CC584DF}.RelWithDebInfo|Win32.Build.0 = RelWithDebInfo|Win32
		{764783B3-C87C-4A09-B096-1D6F124FEDAD}.Debug|Win32.ActiveCfg = Debug|Win32
		{764783B3-C87C-4A09-B096-1D6F124FEDAD}.Release|Win32.ActiveCfg = Release|Win32
		{764783B3-C87C-4A09-B096-1D6F124FEDAD}.MinSizeRel|Win32.ActiveCfg = MinSizeRel|Win32
		{764783B3-C87C-4A09-B096-1D6F124FEDAD}.RelWithDebInfo|Win32.ActiveCfg = RelWithDebInfo|Win32
		{E65D8B9C-F851-40D6-9422-5A40D5659861}.Debug|Win32.ActiveCfg = Debug|Win32
		{E65D8B9C-F851-40D6-9422-5A40D5659861}.Debug|Win32.Build.0 = Debug|Win32
		{E65D8B9C-F851-40D6-9422-5A40D5659861}.Release|Win32.ActiveCfg = Release|Win32
		{E65D8B9C-F851-40D6-9422-5A40D5659861}.Release|Win32.Build.0 = Release|Win32
		{E65D8B9C-F851-40D6-9422-5A40D5659861}.MinSizeRel|Win32.ActiveCfg = MinSizeRel|Win32
		{E65D8B9C-F851-40D6-9422-5A40D5659861}.MinSizeRel|Win32.Build.0 = MinSizeRel|Win32
		{E65D8B9C-F851-40D6-9422-5A40D5659861}.RelWithDebInfo|Win32.ActiveCfg = RelWithDebInfo|Win32
		{E65D8B9C-F851-40D6-9422-5A40D5659861}.RelWithDebInfo|Win32.Build.0 = RelWithDebInfo|Win32
		{764783B3-C87C-4A09-B096-1D6F124FEDAD}.Debug|Win32.ActiveCfg = Debug|Win32
		{764783B3-C87C-4A09-B096-1D6F124FEDAD}.Release|Win32.ActiveCfg = Release|Win32
		{764783B3-C87C-4A09-B096-1D6F124FEDAD}.MinSizeRel|Win32.ActiveCfg = MinSizeRel|Win32
		{764783B3-C87C-4A09-B096-1D6F124FEDAD}.RelWithDebInfo|Win32.ActiveCfg = RelWithDebInfo|Win32
		{7168E5E2-75DA-4E7C-8262-32A86D672B6C}.Debug|Win32.ActiveCfg = Debug|Win32
		{7168E5E2-75DA-4E7C-8262-32A86D672B6C}.Debug|Win32.Build.0 = Debug|Win32
		{7168E5E2-75DA-4E7C-8262-32A86D672B6C}.Release|Win32.ActiveCfg = Release|Win32
		{7168E5E2-75DA-4E7C-8262-32A86D672B6C}.Release|Win32.Build.0 = Release|Win32
		{7168E5E2-75DA-4E7C-8262-32A86D672B6C}.MinSizeRel|Win32.ActiveCfg = MinSizeRel|Win32
		{7168E5E2-75DA-4E7C-8262-32A86D672B6C}.MinSizeRel|Win32.Build.0 = MinSizeRel|Win32
		{7168E5E2-75DA-4E7C-8262-32A86D672B6C}.RelWithDebInfo|Win32.ActiveCfg = RelWithDebInfo|Win32
		{7168E5E2-75DA-4E7C-8262-32A86D672B6C}.RelWithDebInfo|Win32.Build.0 = RelWithDebInfo|Win32
		{764783B3-C87C-4A09-B096-1D6F124FEDAD}.Debug|Win32.ActiveCfg = Debug|Win32
		{764783B3-C87C-4A09-B096-1D6F124FEDAD}.Release|Win32.ActiveCfg = Release|Win32
		{764783B3-C87C-4A09-B096-1D6F124FEDAD}.MinSizeRel|Win32.ActiveCfg = MinSizeRel|Win32
		{764783B3-C87C-4A09-B096-1D6F124FEDAD}.RelWithDebInfo|Win32.ActiveCfg = RelWithDebInfo|Win32
		{1EB55A34-36A5-4DF8-AF8D-487072C3F23E}.Debug|Win32.ActiveCfg = Debug|Win32
		{1EB55A34-36A5-4DF8-AF8D-487072C3F23E}.Debug|Win32.Build.0 = Debug|Win32
		{1EB55A34-36A5-4DF8-AF8D-487072C3F23E}.Release|Win32.ActiveCfg = Release|Win32
		{1EB55A34-36A5-4DF8-AF8D-487072C3F23E}.Release|Win32.Build.0 = Release|Win32
		{1EB55A34-36A5-4DF8-AF8D-487072C3F23E}.MinSizeRel|Win32.ActiveCfg = MinSizeRel|Win32
		{1EB55A34-36A5-4DF8-AF8D-487072C3F23E}.MinSizeRel|Win32.Build.0 = MinSizeRel|Win32
		{1EB55A34-36A5-4DF8-AF8D-487072C3F23E}.RelWithDebInfo|Win32.ActiveCfg = RelWithDebInfo|Win32
		{1EB55A34-36A5-4DF8-AF8D-487072C3F23E}.RelWithDebInfo|Win32.Build.0 = RelWithDebInfo|Win32
		{CDBBF450-98A1-4BA5-9156-88CE0E5A19C7}.Debug|Win32.ActiveCfg = Debug|Win32
		{CDBBF450-98A1-4BA5-9156-88CE0E5A19C7}.Debug|Win32.Build.0 = Debug|Win32
		{CDBBF450-98A1-4BA5-9156-88CE0E5A19C7}.Release|Win32.ActiveCfg = Release|Win32
		{CDBBF450-98A1-4BA5-9156-88CE0E5A19C7}.Release|Win32.Build.0 = Release|Win32
		{CDBBF450-98A1-4BA5-9156-88CE0E5A19C7}.MinSizeRel|Win32.ActiveCfg = MinSizeRel|Win32
		{CDBBF450-98A1-4BA5-9156-88CE0E5A19C7}.MinSizeRel|Win32.Build.0 = MinSizeRel|Win32
		{CDBBF450-98A1-4BA5-9156-88CE0E5A19C7}.RelWithDebInfo|Win32.ActiveCfg = RelWithDebInfo|Win32
		{CDBBF450-98A1-4BA5-9156-88CE0E5A19C7}.RelWithDebInfo|Win32.Build.0 = RelWithDebInfo|Win32
		{CE9F7F18-89EB-4794-99F1-9C2AB7344F7C}.Debug|Win32.ActiveCfg = Debug|Win32
		{CE9F7F18-89EB-4794-99F1-9C2AB7344F7C}.Debug|Win32.Build.0 = Debug|Win32
		{CE9F7F18-89EB-4794-99F1-9C2AB7344F7C}.Release|Win32.ActiveCfg = Release|Win32
		{CE9F7F18-89EB-4794-99F1-9C2AB7344F7C}.Release|Win32.Build.0 = Release|Win32
		{CE9F7F18-89EB-4794-99F1-9C2AB7344F7C}.MinSizeRel|Win32.ActiveCfg = MinSizeRel|Win32
		{CE9F7F18-89EB-4794-99F1-9C2AB7344F7C}.MinSizeRel|Win32.Build.0 = MinSizeRel|Win32
		{CE9F7F18-89EB-4794-99F1-9C2AB7344F7C}.RelWithDebInfo|Win32.ActiveCfg = RelWithDebInfo|Win32
		{CE9F7F18-89EB-4794-99F1-9C2AB7344F7C}.RelWithDebInfo|Win32.Build.0 = RelWithDebInfo|Win32
		{083DF23A-5564-4ED9-8151-7477A7714D99}.Debug|Win32.ActiveCfg = Debug|Win32
		{083DF23A-5564-4ED9-8151-7477A7714D99}.Debug|Win32.Build.0 = Debug|Win32
		{083DF23A-5564-4ED9-8151-7477A7714D99}.Release|Win32.ActiveCfg = Release|Win32
		{083DF23A-5564-4ED9-8151-7477A7714D99}.Release|Win32.Build.0 = Release|Win32
		{083DF23A-5564-4ED9-8151-7477A7714D99}.MinSizeRel|Win32.ActiveCfg = MinSizeRel|Win32
		{083DF23A-5564-4ED9-8151-7477A7714D99}.MinSizeRel|Win32.Build.0 = MinSizeRel|Win32
		{083DF23A-5564-4ED9-8151-7477A7714D99}.RelWithDebInfo|Win32.ActiveCfg = RelWithDebInfo|Win32
		{083DF23A-5564-4ED9-8151-7477A7714D99}.RelWithDebInfo|Win32.Build.0 = RelWithDebInfo|Win32
		{383C4DA3-E388-4A2A-BF4C-DB00B4FC1D84}.Debug|Win32.ActiveCfg = Debug|Win32
		{383C4DA3-E388-4A2A-BF4C-DB00B4FC1D84}.Debug|Win32.Build.0 = Debug|Win32
		{383C4DA3-E388-4A2A-BF4C-DB00B4FC1D84}.Release|Win32.ActiveCfg = Release|Win32
		{383C4DA3-E388-4A2A-BF4C-DB00B4FC1D84}.Release|Win32.Build.0 = Release|Win32
		{383C4DA3-E388-4A2A-BF4C-DB00B4FC1D84}.MinSizeRel|Win32.ActiveCfg = MinSizeRel|Win32
		{383C4DA3-E388-4A2A-BF4C-DB00B4FC1D84}.MinSizeRel|Win32.Build.0 = MinSizeRel|Win32
		{383C4DA3-E388-4A2A-BF4C-DB00B4FC1D84}.RelWithDebInfo|Win32.ActiveCfg = RelWithDebInfo|Win32
		{383C4DA3-E388-4A2A-BF4C-DB00B4FC1D84}.RelWithDebInfo|Win32.Build.0 = RelWithDebInfo|Win32
		{CA5BFF24-261E-4B7E-9E5F-B10BDC979A90}.Debug|Win32.ActiveCfg = Debug|Win32
		{CA5BFF24-261E-4B7E-9E5F-B10BDC979A90}.Debug|Win32.Build.0 = Debug|Win32
		{CA5BFF24-261E-4B7E-9E5F-B10BDC979A90}.Release|Win32.ActiveCfg = Release|Win32
		{CA5BFF24-261E-4B7E-9E5F-B10BDC979A90}.Release|Win32.Build.0 = Release|Win32
		{CA5BFF24-261E-4B7E-9E5F-B10BDC979A90}.MinSizeRel|Win32.ActiveCfg = MinSizeRel|Win32
		{CA5BFF24-261E-4B7E-9E5F-B10BDC979A90}.MinSizeRel|Win32.Build.0 = MinSizeRel|Win32
		{CA5BFF24-261E-4B7E-9E5F-B10BDC979A90}.RelWithDebInfo|Win32.ActiveCfg = RelWithDebInfo|Win32
		{CA5BFF24-261E-4B7E-9E5F-B10BDC979A90}.RelWithDebInfo|Win32.Build.0 = RelWithDebInfo|Win32
		{E9D32CDC-AA6E-441F-835C-AFFED7F2C218}.Debug|Win32.ActiveCfg = Debug|Win32
		{E9D32CDC-AA6E-441F-835C-AFFED7F2C218}.Debug|Win32.Build.0 = Debug|Win32
		{E9D32CDC-AA6E-441F-835C-AFFED7F2C218}.Release|Win32.ActiveCfg = Release|Win32
		{E9D32CDC-AA6E-441F-835C-AFFED7F2C218}.Release|Win32.Build.0 = Release|Win32
		{E9D32CDC-AA6E-441F-835C-AFFED7F2C218}.MinSizeRel|Win32.ActiveCfg = MinSizeRel|Win32
		{E9D32CDC-AA6E-441F-835C-AFFED7F2C218}.MinSizeRel|Win32.Build.0 = MinSizeRel|Win32
		{E9D32CDC-AA6E-441F-835C-AFFED7F2C218}.RelWithDebInfo|Win32.ActiveCfg = RelWithDebInfo|Win32
		{E9D32CDC-AA6E-441F-835C-AFFED7F2C218}.RelWithDebInfo|Win32.Build.0 = RelWithDebInfo|Win32
		{9A2D5A6A-D145-45FB-9AEA-84EDDC0D9D24}.Debug|Win32.ActiveCfg = Debug|Win32
		{9A2D5A6A-D145-45FB-9AEA-84EDDC0D9D24}.Debug|Win32.Build.0 = Debug|Win32
		{9A2D5A6A-D145-45FB-9AEA-84EDDC0D9D24}.Release|Win32.ActiveCfg = Release|Win32
		{9A2D5A6A-D145-45FB-9AEA-84EDDC0D9D24}.Release|Win32.Build.0 = Release|Win32
		{9A2D5A6A-D145-45FB-9AEA-84EDDC0D9D24}.MinSizeRel|Win32.ActiveCfg = MinSizeRel|Win32
		{9A2D5A6A-D145-45FB-9AEA-84EDDC0D9D24}.MinSizeRel|Win32.Build.0 = MinSizeRel|Win32
		{9A2D5A6A-D145-45FB-9AEA-84EDDC0D9D24}.RelWithDebInfo|Win32.ActiveCfg = RelWithDebInfo|Win32
		{9A2D5A6A-D145-45FB-9AEA-84EDDC0D9D24}.RelWithDebInfo|Win32.Build.0 = RelWithDebInfo|Win32
		{60CF8A6E-2F27-4F8E-A1DF-9B7837D0737F}.Debug|Win32.ActiveCfg = Debug|Win32
		{60CF8A6E-2F27-4F8E-A1DF-9B7837D0737F}.Debug|Win32.Build.0 = Debug|Win32
		{60CF8A6E-2F27-4F8E-A1DF-9B7837D0737F}.Release|Win32.ActiveCfg = Release|Win32
		{60CF8A6E-2F27-4F8E-A1DF-9B7837D0737F}.Release|Win32.Build.0 = Release|Win32
		{60CF8A6E-2F27-4F8E-A1DF-9B7837D0737F}.MinSizeRel|Win32.ActiveCfg = MinSizeRel|Win32
		{60CF8A6E-2F27-4F8E-A1DF-9B7837D0737F}.MinSizeRel|Win32.Build.0 = MinSizeRel|Win32
		{60CF8A6E-2F27-4F8E-A1DF-9B7837D0737F}.RelWithDebInfo|Win32.ActiveCfg = RelWithDebInfo|Win32
		{60CF8A6E-2F27-4F8E-A1DF-9B7837D0737F}.RelWithDebInfo|Win32.Build.0 = RelWithDebInfo|Win32
		{53F6BD21-2E91-4CAC-BEC9-39C2C3CA1CC2}.Debug|Win32.ActiveCfg = Debug|Win32
		{53F6BD21-2E91-4CAC-BEC9-39C2C3CA1CC2}.Debug|Win32.Build.0 = Debug|Win32
		{53F6BD21-2E91-4CAC-BEC9-39C2C3CA1CC2}.Release|Win32.ActiveCfg = Release|Win32
		{53F6BD21-2E91-4CAC-BEC9-39C2C3CA1CC2}.Release|Win32.Build.0 = Release|Win32
		{53F6BD21-2E91-4CAC-BEC9-39C2C3CA1CC2}.MinSizeRel|Win32.ActiveCfg = MinSizeRel|Win32
		{53F6BD21-2E91-4CAC-BEC9-39C2C3CA1CC2}.MinSizeRel|Win32.Build.0 = MinSizeRel|Win32
		{53F6BD21-2E91-4CAC-BEC9-39C2C3CA1CC2}.RelWithDebInfo|Win32.ActiveCfg = RelWithDebInfo|Win32
		{53F6BD21-2E91-4CAC-BEC9-39C2C3CA1CC2}.RelWithDebInfo|Win32.Build.0 = RelWithDebInfo|Win32
		{0A429060-F699-4C83-8240-E7636191D575}.Debug|Win32.ActiveCfg = Debug|Win32
		{0A429060-F699-4C83-8240-E7636191D575}.Debug|Win32.Build.0 = Debug|Win32
		{0A429060-F699-4C83-8240-E7636191D575}.Release|Win32.ActiveCfg = Release|Win32
		{0A429060-F699-4C83-8240-E7636191D575}.Release|Win32.Build.0 = Release|Win32
		{0A429060-F699-4C83-8240-E7636191D575}.MinSizeRel|Win32.ActiveCfg = MinSizeRel|Win32
		{0A429060-F699-4C83-8240-E7636191D575}.MinSizeRel|Win32.Build.0 = MinSizeRel|Win32
		{0A429060-F699-4C83-8240-E7636191D575}.RelWithDebInfo|Win32.ActiveCfg = RelWithDebInfo|Win32
		{0A429060-F699-4C83-8240-E7636191D575}.RelWithDebInfo|Win32.Build.0 = RelWithDebInfo|Win32
		{764783B3-C87C-4A09-B096-1D6F124FEDAD}.Debug|Win32.ActiveCfg = Debug|Win32
		{764783B3-C87C-4A09-B096-1D6F124FEDAD}.Release|Win32.ActiveCfg = Release|Win32
		{764783B3-C87C-4A09-B096-1D6F124FEDAD}.MinSizeRel|Win32.ActiveCfg = MinSizeRel|Win32
		{764783B3-C87C-4A09-B096-1D6F124FEDAD}.RelWithDebInfo|Win32.ActiveCfg = RelWithDebInfo|Win32
		{764783B3-C87C-4A09-B096-1D6F124FEDAD}.Debug|Win32.ActiveCfg = Debug|Win32
		{764783B3-C87C-4A09-B096-1D6F124FEDAD}.Release|Win32.ActiveCfg = Release|Win32
		{764783B3-C87C-4A09-B096-1D6F124FEDAD}.MinSizeRel|Win32.ActiveCfg = MinSizeRel|Win32
		{764783B3-C87C-4A09-B096-1D6F124FEDAD}.RelWithDebInfo|Win32.ActiveCfg = RelWithDebInfo|Win32
	EndGlobalSection
	GlobalSection(ExtensibilityGlobals) = postSolution
	EndGlobalSection
	GlobalSection(ExtensibilityAddIns) = postSolution
	EndGlobalSection
EndGlobal
