
Microsoft Visual Studio Solution File, Format Version 11.00
# Visual Studio 2010
Project("{8BC9CEB8-8B4A-11D0-8D11-00A0C91BC942}") = "Algs", "..\Algs\Algs.vcxproj", "{FBC4FF24-E791-4A7C-BE9A-9FFB0DB96F3D}"
EndProject
Project("{8BC9CEB8-8B4A-11D0-8D11-00A0C91BC942}") = "Core", "..\Core\Core.vcxproj", "{F15308CC-3222-49A3-87F9-701957EE9769}"
EndProject
Project("{8BC9CEB8-8B4A-11D0-8D11-00A0C91BC942}") = "IO", "..\IO\IO.vcxproj", "{9062C1E5-A391-49A8-B466-320F63655F01}"
EndProject
Project("{8BC9CEB8-8B4A-11D0-8D11-00A0C91BC942}") = "Math", "..\Math\Math.vcxproj", "{F83D3655-1A41-4C58-AC69-289DC50550E9}"
EndProject
Project("{8BC9CEB8-8B4A-11D0-8D11-00A0C91BC942}") = "dcmdata", "..\Common\dcmtk\dcmdata\dcmdata.vcxproj", "{5C25F39E-C453-4ACC-98AF-266774DF7AF6}"
EndProject
Project("{8BC9CEB8-8B4A-11D0-8D11-00A0C91BC942}") = "ofstd", "..\Common\dcmtk\ofstd\ofstd.vcxproj", "{1C0EC9DF-D94B-49E5-B3B5-6D120B5DC17F}"
EndProject
Project("{54435603-DBB4-11D2-8724-00A0C9A8B90C}") = "SMIDevelopmentKit", "SMISDKSetup\SMISDKSetup.vdproj", "{D85AD175-1C11-4BDE-836B-1F34ABD4F73C}"
	ProjectSection(ProjectDependencies) = postProject
		{FBC4FF24-E791-4A7C-BE9A-9FFB0DB96F3D} = {FBC4FF24-E791-4A7C-BE9A-9FFB0DB96F3D}
		{F83D3655-1A41-4C58-AC69-289DC50550E9} = {F83D3655-1A41-4C58-AC69-289DC50550E9}
		{5C25F39E-C453-4ACC-98AF-266774DF7AF6} = {5C25F39E-C453-4ACC-98AF-266774DF7AF6}
		{F15308CC-3222-49A3-87F9-701957EE9769} = {F15308CC-3222-49A3-87F9-701957EE9769}
		{1C0EC9DF-D94B-49E5-B3B5-6D120B5DC17F} = {1C0EC9DF-D94B-49E5-B3B5-6D120B5DC17F}
		{9062C1E5-A391-49A8-B466-320F63655F01} = {9062C1E5-A391-49A8-B466-320F63655F01}
	EndProjectSection
EndProject
Global
	GlobalSection(SolutionConfigurationPlatforms) = preSolution
		Debug|Win32 = Debug|Win32
		Release|Win32 = Release|Win32
	EndGlobalSection
	GlobalSection(ProjectConfigurationPlatforms) = postSolution
		{FBC4FF24-E791-4A7C-BE9A-9FFB0DB96F3D}.Debug|Win32.ActiveCfg = Debug|Win32
		{FBC4FF24-E791-4A7C-BE9A-9FFB0DB96F3D}.Debug|Win32.Build.0 = Debug|Win32
		{FBC4FF24-E791-4A7C-BE9A-9FFB0DB96F3D}.Release|Win32.ActiveCfg = Release|Win32
		{FBC4FF24-E791-4A7C-BE9A-9FFB0DB96F3D}.Release|Win32.Build.0 = Release|Win32
		{F15308CC-3222-49A3-87F9-701957EE9769}.Debug|Win32.ActiveCfg = Debug|Win32
		{F15308CC-3222-49A3-87F9-701957EE9769}.Debug|Win32.Build.0 = Debug|Win32
		{F15308CC-3222-49A3-87F9-701957EE9769}.Release|Win32.ActiveCfg = Release|Win32
		{F15308CC-3222-49A3-87F9-701957EE9769}.Release|Win32.Build.0 = Release|Win32
		{9062C1E5-A391-49A8-B466-320F63655F01}.Debug|Win32.ActiveCfg = Debug|Win32
		{9062C1E5-A391-49A8-B466-320F63655F01}.Debug|Win32.Build.0 = Debug|Win32
		{9062C1E5-A391-49A8-B466-320F63655F01}.Release|Win32.ActiveCfg = Release|Win32
		{9062C1E5-A391-49A8-B466-320F63655F01}.Release|Win32.Build.0 = Release|Win32
		{F83D3655-1A41-4C58-AC69-289DC50550E9}.Debug|Win32.ActiveCfg = Debug|Win32
		{F83D3655-1A41-4C58-AC69-289DC50550E9}.Debug|Win32.Build.0 = Debug|Win32
		{F83D3655-1A41-4C58-AC69-289DC50550E9}.Release|Win32.ActiveCfg = Release|Win32
		{F83D3655-1A41-4C58-AC69-289DC50550E9}.Release|Win32.Build.0 = Release|Win32
		{5C25F39E-C453-4ACC-98AF-266774DF7AF6}.Debug|Win32.ActiveCfg = Debug|Win32
		{5C25F39E-C453-4ACC-98AF-266774DF7AF6}.Debug|Win32.Build.0 = Debug|Win32
		{5C25F39E-C453-4ACC-98AF-266774DF7AF6}.Release|Win32.ActiveCfg = Release|Win32
		{5C25F39E-C453-4ACC-98AF-266774DF7AF6}.Release|Win32.Build.0 = Release|Win32
		{1C0EC9DF-D94B-49E5-B3B5-6D120B5DC17F}.Debug|Win32.ActiveCfg = Debug|Win32
		{1C0EC9DF-D94B-49E5-B3B5-6D120B5DC17F}.Debug|Win32.Build.0 = Debug|Win32
		{1C0EC9DF-D94B-49E5-B3B5-6D120B5DC17F}.Release|Win32.ActiveCfg = Release|Win32
		{1C0EC9DF-D94B-49E5-B3B5-6D120B5DC17F}.Release|Win32.Build.0 = Release|Win32
		{D85AD175-1C11-4BDE-836B-1F34ABD4F73C}.Debug|Win32.ActiveCfg = Debug
		{D85AD175-1C11-4BDE-836B-1F34ABD4F73C}.Release|Win32.ActiveCfg = Release
	EndGlobalSection
	GlobalSection(SolutionProperties) = preSolution
		HideSolutionNode = FALSE
	EndGlobalSection
EndGlobal
