Microsoft Visual Studio Solution File, Format Version 10.00
# Visual Studio 2008
Project("{8BC9CEB8-8B4A-11D0-8D11-00A0C91BC942}") = "ALL_BUILD", "ALL_BUILD.vcproj", "{0D11C69B-4E00-4765-ACC3-160EC5AB32DA}"
	ProjectSection(ProjectDependencies) = postProject
		{55590C7B-3829-483E-8198-361397D809AB} = {55590C7B-3829-483E-8198-361397D809AB}
		{FEA70267-0FA9-4660-99B3-099C37FAD8F7} = {FEA70267-0FA9-4660-99B3-099C37FAD8F7}
		{71D0D255-50BB-4441-9E1D-780168687B3E} = {71D0D255-50BB-4441-9E1D-780168687B3E}
		{F2583B74-B03E-44C0-92AD-F9F5ADC9419E} = {F2583B74-B03E-44C0-92AD-F9F5ADC9419E}
	EndProjectSection
EndProject
Project("{8BC9CEB8-8B4A-11D0-8D11-00A0C91BC942}") = "INSTALL", "INSTALL.vcproj", "{D148AA55-A514-4AD3-A756-BC908EE8E98C}"
	ProjectSection(ProjectDependencies) = postProject
		{0D11C69B-4E00-4765-ACC3-160EC5AB32DA} = {0D11C69B-4E00-4765-ACC3-160EC5AB32DA}
	EndProjectSection
EndProject
Project("{8BC9CEB8-8B4A-11D0-8D11-00A0C91BC942}") = "dcmdata", "..\dcmdata\libsrc\dcmdata.vcproj", "{5E280004-B664-4B86-B12E-0A2341C082A9}"
	ProjectSection(ProjectDependencies) = postProject
	EndProjectSection
EndProject
Project("{8BC9CEB8-8B4A-11D0-8D11-00A0C91BC942}") = "dcmdspfn", "apps\dcmdspfn.vcproj", "{55590C7B-3829-483E-8198-361397D809AB}"
	ProjectSection(ProjectDependencies) = postProject
		{5E280004-B664-4B86-B12E-0A2341C082A9} = {5E280004-B664-4B86-B12E-0A2341C082A9}
		{FEA70267-0FA9-4660-99B3-099C37FAD8F7} = {FEA70267-0FA9-4660-99B3-099C37FAD8F7}
		{30439C4F-4586-4C30-A86F-058BF69C3651} = {30439C4F-4586-4C30-A86F-058BF69C3651}
	EndProjectSection
EndProject
Project("{8BC9CEB8-8B4A-11D0-8D11-00A0C91BC942}") = "dcmimgle", "libsrc\dcmimgle.vcproj", "{FEA70267-0FA9-4660-99B3-099C37FAD8F7}"
	ProjectSection(ProjectDependencies) = postProject
	EndProjectSection
EndProject
Project("{8BC9CEB8-8B4A-11D0-8D11-00A0C91BC942}") = "dcod2lum", "apps\dcod2lum.vcproj", "{71D0D255-50BB-4441-9E1D-780168687B3E}"
	ProjectSection(ProjectDependencies) = postProject
		{FEA70267-0FA9-4660-99B3-099C37FAD8F7} = {FEA70267-0FA9-4660-99B3-099C37FAD8F7}
		{30439C4F-4586-4C30-A86F-058BF69C3651} = {30439C4F-4586-4C30-A86F-058BF69C3651}
	EndProjectSection
EndProject
Project("{8BC9CEB8-8B4A-11D0-8D11-00A0C91BC942}") = "dconvlum", "apps\dconvlum.vcproj", "{F2583B74-B03E-44C0-92AD-F9F5ADC9419E}"
	ProjectSection(ProjectDependencies) = postProject
		{FEA70267-0FA9-4660-99B3-099C37FAD8F7} = {FEA70267-0FA9-4660-99B3-099C37FAD8F7}
		{30439C4F-4586-4C30-A86F-058BF69C3651} = {30439C4F-4586-4C30-A86F-058BF69C3651}
	EndProjectSection
EndProject
Project("{8BC9CEB8-8B4A-11D0-8D11-00A0C91BC942}") = "ofstd", "..\ofstd\libsrc\ofstd.vcproj", "{30439C4F-4586-4C30-A86F-058BF69C3651}"
	ProjectSection(ProjectDependencies) = postProject
	EndProjectSection
EndProject
Global
	GlobalSection(SolutionConfigurationPlatforms) = preSolution
		Debug|Win32 = Debug|Win32
		Release|Win32 = Release|Win32
		MinSizeRel|Win32 = MinSizeRel|Win32
		RelWithDebInfo|Win32 = RelWithDebInfo|Win32
	EndGlobalSection
	GlobalSection(ProjectConfigurationPlatforms) = postSolution
		{0D11C69B-4E00-4765-ACC3-160EC5AB32DA}.Debug|Win32.ActiveCfg = Debug|Win32
		{0D11C69B-4E00-4765-ACC3-160EC5AB32DA}.Debug|Win32.Build.0 = Debug|Win32
		{0D11C69B-4E00-4765-ACC3-160EC5AB32DA}.Release|Win32.ActiveCfg = Release|Win32
		{0D11C69B-4E00-4765-ACC3-160EC5AB32DA}.Release|Win32.Build.0 = Release|Win32
		{0D11C69B-4E00-4765-ACC3-160EC5AB32DA}.MinSizeRel|Win32.ActiveCfg = MinSizeRel|Win32
		{0D11C69B-4E00-4765-ACC3-160EC5AB32DA}.MinSizeRel|Win32.Build.0 = MinSizeRel|Win32
		{0D11C69B-4E00-4765-ACC3-160EC5AB32DA}.RelWithDebInfo|Win32.ActiveCfg = RelWithDebInfo|Win32
		{0D11C69B-4E00-4765-ACC3-160EC5AB32DA}.RelWithDebInfo|Win32.Build.0 = RelWithDebInfo|Win32
		{D148AA55-A514-4AD3-A756-BC908EE8E98C}.Debug|Win32.ActiveCfg = Debug|Win32
		{D148AA55-A514-4AD3-A756-BC908EE8E98C}.Release|Win32.ActiveCfg = Release|Win32
		{D148AA55-A514-4AD3-A756-BC908EE8E98C}.MinSizeRel|Win32.ActiveCfg = MinSizeRel|Win32
		{D148AA55-A514-4AD3-A756-BC908EE8E98C}.RelWithDebInfo|Win32.ActiveCfg = RelWithDebInfo|Win32
		{5E280004-B664-4B86-B12E-0A2341C082A9}.Debug|Win32.ActiveCfg = Debug|Win32
		{5E280004-B664-4B86-B12E-0A2341C082A9}.Debug|Win32.Build.0 = Debug|Win32
		{5E280004-B664-4B86-B12E-0A2341C082A9}.Release|Win32.ActiveCfg = Release|Win32
		{5E280004-B664-4B86-B12E-0A2341C082A9}.Release|Win32.Build.0 = Release|Win32
		{5E280004-B664-4B86-B12E-0A2341C082A9}.MinSizeRel|Win32.ActiveCfg = MinSizeRel|Win32
		{5E280004-B664-4B86-B12E-0A2341C082A9}.MinSizeRel|Win32.Build.0 = MinSizeRel|Win32
		{5E280004-B664-4B86-B12E-0A2341C082A9}.RelWithDebInfo|Win32.ActiveCfg = RelWithDebInfo|Win32
		{5E280004-B664-4B86-B12E-0A2341C082A9}.RelWithDebInfo|Win32.Build.0 = RelWithDebInfo|Win32
		{55590C7B-3829-483E-8198-361397D809AB}.Debug|Win32.ActiveCfg = Debug|Win32
		{55590C7B-3829-483E-8198-361397D809AB}.Debug|Win32.Build.0 = Debug|Win32
		{55590C7B-3829-483E-8198-361397D809AB}.Release|Win32.ActiveCfg = Release|Win32
		{55590C7B-3829-483E-8198-361397D809AB}.Release|Win32.Build.0 = Release|Win32
		{55590C7B-3829-483E-8198-361397D809AB}.MinSizeRel|Win32.ActiveCfg = MinSizeRel|Win32
		{55590C7B-3829-483E-8198-361397D809AB}.MinSizeRel|Win32.Build.0 = MinSizeRel|Win32
		{55590C7B-3829-483E-8198-361397D809AB}.RelWithDebInfo|Win32.ActiveCfg = RelWithDebInfo|Win32
		{55590C7B-3829-483E-8198-361397D809AB}.RelWithDebInfo|Win32.Build.0 = RelWithDebInfo|Win32
		{FEA70267-0FA9-4660-99B3-099C37FAD8F7}.Debug|Win32.ActiveCfg = Debug|Win32
		{FEA70267-0FA9-4660-99B3-099C37FAD8F7}.Debug|Win32.Build.0 = Debug|Win32
		{FEA70267-0FA9-4660-99B3-099C37FAD8F7}.Release|Win32.ActiveCfg = Release|Win32
		{FEA70267-0FA9-4660-99B3-099C37FAD8F7}.Release|Win32.Build.0 = Release|Win32
		{FEA70267-0FA9-4660-99B3-099C37FAD8F7}.MinSizeRel|Win32.ActiveCfg = MinSizeRel|Win32
		{FEA70267-0FA9-4660-99B3-099C37FAD8F7}.MinSizeRel|Win32.Build.0 = MinSizeRel|Win32
		{FEA70267-0FA9-4660-99B3-099C37FAD8F7}.RelWithDebInfo|Win32.ActiveCfg = RelWithDebInfo|Win32
		{FEA70267-0FA9-4660-99B3-099C37FAD8F7}.RelWithDebInfo|Win32.Build.0 = RelWithDebInfo|Win32
		{71D0D255-50BB-4441-9E1D-780168687B3E}.Debug|Win32.ActiveCfg = Debug|Win32
		{71D0D255-50BB-4441-9E1D-780168687B3E}.Debug|Win32.Build.0 = Debug|Win32
		{71D0D255-50BB-4441-9E1D-780168687B3E}.Release|Win32.ActiveCfg = Release|Win32
		{71D0D255-50BB-4441-9E1D-780168687B3E}.Release|Win32.Build.0 = Release|Win32
		{71D0D255-50BB-4441-9E1D-780168687B3E}.MinSizeRel|Win32.ActiveCfg = MinSizeRel|Win32
		{71D0D255-50BB-4441-9E1D-780168687B3E}.MinSizeRel|Win32.Build.0 = MinSizeRel|Win32
		{71D0D255-50BB-4441-9E1D-780168687B3E}.RelWithDebInfo|Win32.ActiveCfg = RelWithDebInfo|Win32
		{71D0D255-50BB-4441-9E1D-780168687B3E}.RelWithDebInfo|Win32.Build.0 = RelWithDebInfo|Win32
		{F2583B74-B03E-44C0-92AD-F9F5ADC9419E}.Debug|Win32.ActiveCfg = Debug|Win32
		{F2583B74-B03E-44C0-92AD-F9F5ADC9419E}.Debug|Win32.Build.0 = Debug|Win32
		{F2583B74-B03E-44C0-92AD-F9F5ADC9419E}.Release|Win32.ActiveCfg = Release|Win32
		{F2583B74-B03E-44C0-92AD-F9F5ADC9419E}.Release|Win32.Build.0 = Release|Win32
		{F2583B74-B03E-44C0-92AD-F9F5ADC9419E}.MinSizeRel|Win32.ActiveCfg = MinSizeRel|Win32
		{F2583B74-B03E-44C0-92AD-F9F5ADC9419E}.MinSizeRel|Win32.Build.0 = MinSizeRel|Win32
		{F2583B74-B03E-44C0-92AD-F9F5ADC9419E}.RelWithDebInfo|Win32.ActiveCfg = RelWithDebInfo|Win32
		{F2583B74-B03E-44C0-92AD-F9F5ADC9419E}.RelWithDebInfo|Win32.Build.0 = RelWithDebInfo|Win32
		{30439C4F-4586-4C30-A86F-058BF69C3651}.Debug|Win32.ActiveCfg = Debug|Win32
		{30439C4F-4586-4C30-A86F-058BF69C3651}.Debug|Win32.Build.0 = Debug|Win32
		{30439C4F-4586-4C30-A86F-058BF69C3651}.Release|Win32.ActiveCfg = Release|Win32
		{30439C4F-4586-4C30-A86F-058BF69C3651}.Release|Win32.Build.0 = Release|Win32
		{30439C4F-4586-4C30-A86F-058BF69C3651}.MinSizeRel|Win32.ActiveCfg = MinSizeRel|Win32
		{30439C4F-4586-4C30-A86F-058BF69C3651}.MinSizeRel|Win32.Build.0 = MinSizeRel|Win32
		{30439C4F-4586-4C30-A86F-058BF69C3651}.RelWithDebInfo|Win32.ActiveCfg = RelWithDebInfo|Win32
		{30439C4F-4586-4C30-A86F-058BF69C3651}.RelWithDebInfo|Win32.Build.0 = RelWithDebInfo|Win32
	EndGlobalSection
	GlobalSection(ExtensibilityGlobals) = postSolution
	EndGlobalSection
	GlobalSection(ExtensibilityAddIns) = postSolution
	EndGlobalSection
EndGlobal
