Microsoft Visual Studio Solution File, Format Version 10.00
# Visual Studio 2008
Project("{8BC9CEB8-8B4A-11D0-8D11-00A0C91BC942}") = "ALL_BUILD", "ALL_BUILD.vcproj", "{0D11C69B-4E00-4765-ACC3-160EC5AB32DA}"
	ProjectSection(ProjectDependencies) = postProject
		{2A8D272B-9B13-4E1A-ADE9-025B9DE12E3C} = {2A8D272B-9B13-4E1A-ADE9-025B9DE12E3C}
		{307ED413-D320-4B19-A027-8FD8A3F11BAC} = {307ED413-D320-4B19-A027-8FD8A3F11BAC}
		{3231A5DA-C796-4E98-BCBA-2CC9D618B0D0} = {3231A5DA-C796-4E98-BCBA-2CC9D618B0D0}
		{7CD78FCC-BAF9-4642-AC04-B1BECE916610} = {7CD78FCC-BAF9-4642-AC04-B1BECE916610}
	EndProjectSection
EndProject
Project("{8BC9CEB8-8B4A-11D0-8D11-00A0C91BC942}") = "INSTALL", "INSTALL.vcproj", "{D148AA55-A514-4AD3-A756-BC908EE8E98C}"
	ProjectSection(ProjectDependencies) = postProject
		{0D11C69B-4E00-4765-ACC3-160EC5AB32DA} = {0D11C69B-4E00-4765-ACC3-160EC5AB32DA}
	EndProjectSection
EndProject
Project("{8BC9CEB8-8B4A-11D0-8D11-00A0C91BC942}") = "dcm2pnm", "apps\dcm2pnm.vcproj", "{2A8D272B-9B13-4E1A-ADE9-025B9DE12E3C}"
	ProjectSection(ProjectDependencies) = postProject
		{5E280004-B664-4B86-B12E-0A2341C082A9} = {5E280004-B664-4B86-B12E-0A2341C082A9}
		{307ED413-D320-4B19-A027-8FD8A3F11BAC} = {307ED413-D320-4B19-A027-8FD8A3F11BAC}
		{FEA70267-0FA9-4660-99B3-099C37FAD8F7} = {FEA70267-0FA9-4660-99B3-099C37FAD8F7}
		{30439C4F-4586-4C30-A86F-058BF69C3651} = {30439C4F-4586-4C30-A86F-058BF69C3651}
	EndProjectSection
EndProject
Project("{8BC9CEB8-8B4A-11D0-8D11-00A0C91BC942}") = "dcmdata", "..\dcmdata\libsrc\dcmdata.vcproj", "{5E280004-B664-4B86-B12E-0A2341C082A9}"
	ProjectSection(ProjectDependencies) = postProject
	EndProjectSection
EndProject
Project("{8BC9CEB8-8B4A-11D0-8D11-00A0C91BC942}") = "dcmimage", "libsrc\dcmimage.vcproj", "{307ED413-D320-4B19-A027-8FD8A3F11BAC}"
	ProjectSection(ProjectDependencies) = postProject
	EndProjectSection
EndProject
Project("{8BC9CEB8-8B4A-11D0-8D11-00A0C91BC942}") = "dcmimgle", "..\dcmimgle\libsrc\dcmimgle.vcproj", "{FEA70267-0FA9-4660-99B3-099C37FAD8F7}"
	ProjectSection(ProjectDependencies) = postProject
	EndProjectSection
EndProject
Project("{8BC9CEB8-8B4A-11D0-8D11-00A0C91BC942}") = "dcmquant", "apps\dcmquant.vcproj", "{3231A5DA-C796-4E98-BCBA-2CC9D618B0D0}"
	ProjectSection(ProjectDependencies) = postProject
		{5E280004-B664-4B86-B12E-0A2341C082A9} = {5E280004-B664-4B86-B12E-0A2341C082A9}
		{307ED413-D320-4B19-A027-8FD8A3F11BAC} = {307ED413-D320-4B19-A027-8FD8A3F11BAC}
		{FEA70267-0FA9-4660-99B3-099C37FAD8F7} = {FEA70267-0FA9-4660-99B3-099C37FAD8F7}
		{30439C4F-4586-4C30-A86F-058BF69C3651} = {30439C4F-4586-4C30-A86F-058BF69C3651}
	EndProjectSection
EndProject
Project("{8BC9CEB8-8B4A-11D0-8D11-00A0C91BC942}") = "dcmscale", "apps\dcmscale.vcproj", "{7CD78FCC-BAF9-4642-AC04-B1BECE916610}"
	ProjectSection(ProjectDependencies) = postProject
		{5E280004-B664-4B86-B12E-0A2341C082A9} = {5E280004-B664-4B86-B12E-0A2341C082A9}
		{307ED413-D320-4B19-A027-8FD8A3F11BAC} = {307ED413-D320-4B19-A027-8FD8A3F11BAC}
		{FEA70267-0FA9-4660-99B3-099C37FAD8F7} = {FEA70267-0FA9-4660-99B3-099C37FAD8F7}
		{30439C4F-4586-4C30-A86F-058BF69C3651} = {30439C4F-4586-4C30-A86F-058BF69C3651}
	EndProjectSection
EndProject
Project("{8BC9CEB8-8B4A-11D0-8D11-00A0C91BC942}") = "ofstd", "..\ofstd\libsrc\ofstd.vcproj", "{30439C4F-4586-4C30-A86F-058BF69C3651}"
	ProjectSection(ProjectDependencies) = postProject
	EndProjectSection
EndProject
Global
	GlobalSection(SolutionConfigurationPlatforms) = preSolution
		Debug|Win32 = Debug|Win32
		Release|Win32 = Release|Win32
		MinSizeRel|Win32 = MinSizeRel|Win32
		RelWithDebInfo|Win32 = RelWithDebInfo|Win32
	EndGlobalSection
	GlobalSection(ProjectConfigurationPlatforms) = postSolution
		{0D11C69B-4E00-4765-ACC3-160EC5AB32DA}.Debug|Win32.ActiveCfg = Debug|Win32
		{0D11C69B-4E00-4765-ACC3-160EC5AB32DA}.Debug|Win32.Build.0 = Debug|Win32
		{0D11C69B-4E00-4765-ACC3-160EC5AB32DA}.Release|Win32.ActiveCfg = Release|Win32
		{0D11C69B-4E00-4765-ACC3-160EC5AB32DA}.Release|Win32.Build.0 = Release|Win32
		{0D11C69B-4E00-4765-ACC3-160EC5AB32DA}.MinSizeRel|Win32.ActiveCfg = MinSizeRel|Win32
		{0D11C69B-4E00-4765-ACC3-160EC5AB32DA}.MinSizeRel|Win32.Build.0 = MinSizeRel|Win32
		{0D11C69B-4E00-4765-ACC3-160EC5AB32DA}.RelWithDebInfo|Win32.ActiveCfg = RelWithDebInfo|Win32
		{0D11C69B-4E00-4765-ACC3-160EC5AB32DA}.RelWithDebInfo|Win32.Build.0 = RelWithDebInfo|Win32
		{D148AA55-A514-4AD3-A756-BC908EE8E98C}.Debug|Win32.ActiveCfg = Debug|Win32
		{D148AA55-A514-4AD3-A756-BC908EE8E98C}.Release|Win32.ActiveCfg = Release|Win32
		{D148AA55-A514-4AD3-A756-BC908EE8E98C}.MinSizeRel|Win32.ActiveCfg = MinSizeRel|Win32
		{D148AA55-A514-4AD3-A756-BC908EE8E98C}.RelWithDebInfo|Win32.ActiveCfg = RelWithDebInfo|Win32
		{2A8D272B-9B13-4E1A-ADE9-025B9DE12E3C}.Debug|Win32.ActiveCfg = Debug|Win32
		{2A8D272B-9B13-4E1A-ADE9-025B9DE12E3C}.Debug|Win32.Build.0 = Debug|Win32
		{2A8D272B-9B13-4E1A-ADE9-025B9DE12E3C}.Release|Win32.ActiveCfg = Release|Win32
		{2A8D272B-9B13-4E1A-ADE9-025B9DE12E3C}.Release|Win32.Build.0 = Release|Win32
		{2A8D272B-9B13-4E1A-ADE9-025B9DE12E3C}.MinSizeRel|Win32.ActiveCfg = MinSizeRel|Win32
		{2A8D272B-9B13-4E1A-ADE9-025B9DE12E3C}.MinSizeRel|Win32.Build.0 = MinSizeRel|Win32
		{2A8D272B-9B13-4E1A-ADE9-025B9DE12E3C}.RelWithDebInfo|Win32.ActiveCfg = RelWithDebInfo|Win32
		{2A8D272B-9B13-4E1A-ADE9-025B9DE12E3C}.RelWithDebInfo|Win32.Build.0 = RelWithDebInfo|Win32
		{5E280004-B664-4B86-B12E-0A2341C082A9}.Debug|Win32.ActiveCfg = Debug|Win32
		{5E280004-B664-4B86-B12E-0A2341C082A9}.Debug|Win32.Build.0 = Debug|Win32
		{5E280004-B664-4B86-B12E-0A2341C082A9}.Release|Win32.ActiveCfg = Release|Win32
		{5E280004-B664-4B86-B12E-0A2341C082A9}.Release|Win32.Build.0 = Release|Win32
		{5E280004-B664-4B86-B12E-0A2341C082A9}.MinSizeRel|Win32.ActiveCfg = MinSizeRel|Win32
		{5E280004-B664-4B86-B12E-0A2341C082A9}.MinSizeRel|Win32.Build.0 = MinSizeRel|Win32
		{5E280004-B664-4B86-B12E-0A2341C082A9}.RelWithDebInfo|Win32.ActiveCfg = RelWithDebInfo|Win32
		{5E280004-B664-4B86-B12E-0A2341C082A9}.RelWithDebInfo|Win32.Build.0 = RelWithDebInfo|Win32
		{307ED413-D320-4B19-A027-8FD8A3F11BAC}.Debug|Win32.ActiveCfg = Debug|Win32
		{307ED413-D320-4B19-A027-8FD8A3F11BAC}.Debug|Win32.Build.0 = Debug|Win32
		{307ED413-D320-4B19-A027-8FD8A3F11BAC}.Release|Win32.ActiveCfg = Release|Win32
		{307ED413-D320-4B19-A027-8FD8A3F11BAC}.Release|Win32.Build.0 = Release|Win32
		{307ED413-D320-4B19-A027-8FD8A3F11BAC}.MinSizeRel|Win32.ActiveCfg = MinSizeRel|Win32
		{307ED413-D320-4B19-A027-8FD8A3F11BAC}.MinSizeRel|Win32.Build.0 = MinSizeRel|Win32
		{307ED413-D320-4B19-A027-8FD8A3F11BAC}.RelWithDebInfo|Win32.ActiveCfg = RelWithDebInfo|Win32
		{307ED413-D320-4B19-A027-8FD8A3F11BAC}.RelWithDebInfo|Win32.Build.0 = RelWithDebInfo|Win32
		{FEA70267-0FA9-4660-99B3-099C37FAD8F7}.Debug|Win32.ActiveCfg = Debug|Win32
		{FEA70267-0FA9-4660-99B3-099C37FAD8F7}.Debug|Win32.Build.0 = Debug|Win32
		{FEA70267-0FA9-4660-99B3-099C37FAD8F7}.Release|Win32.ActiveCfg = Release|Win32
		{FEA70267-0FA9-4660-99B3-099C37FAD8F7}.Release|Win32.Build.0 = Release|Win32
		{FEA70267-0FA9-4660-99B3-099C37FAD8F7}.MinSizeRel|Win32.ActiveCfg = MinSizeRel|Win32
		{FEA70267-0FA9-4660-99B3-099C37FAD8F7}.MinSizeRel|Win32.Build.0 = MinSizeRel|Win32
		{FEA70267-0FA9-4660-99B3-099C37FAD8F7}.RelWithDebInfo|Win32.ActiveCfg = RelWithDebInfo|Win32
		{FEA70267-0FA9-4660-99B3-099C37FAD8F7}.RelWithDebInfo|Win32.Build.0 = RelWithDebInfo|Win32
		{3231A5DA-C796-4E98-BCBA-2CC9D618B0D0}.Debug|Win32.ActiveCfg = Debug|Win32
		{3231A5DA-C796-4E98-BCBA-2CC9D618B0D0}.Debug|Win32.Build.0 = Debug|Win32
		{3231A5DA-C796-4E98-BCBA-2CC9D618B0D0}.Release|Win32.ActiveCfg = Release|Win32
		{3231A5DA-C796-4E98-BCBA-2CC9D618B0D0}.Release|Win32.Build.0 = Release|Win32
		{3231A5DA-C796-4E98-BCBA-2CC9D618B0D0}.MinSizeRel|Win32.ActiveCfg = MinSizeRel|Win32
		{3231A5DA-C796-4E98-BCBA-2CC9D618B0D0}.MinSizeRel|Win32.Build.0 = MinSizeRel|Win32
		{3231A5DA-C796-4E98-BCBA-2CC9D618B0D0}.RelWithDebInfo|Win32.ActiveCfg = RelWithDebInfo|Win32
		{3231A5DA-C796-4E98-BCBA-2CC9D618B0D0}.RelWithDebInfo|Win32.Build.0 = RelWithDebInfo|Win32
		{7CD78FCC-BAF9-4642-AC04-B1BECE916610}.Debug|Win32.ActiveCfg = Debug|Win32
		{7CD78FCC-BAF9-4642-AC04-B1BECE916610}.Debug|Win32.Build.0 = Debug|Win32
		{7CD78FCC-BAF9-4642-AC04-B1BECE916610}.Release|Win32.ActiveCfg = Release|Win32
		{7CD78FCC-BAF9-4642-AC04-B1BECE916610}.Release|Win32.Build.0 = Release|Win32
		{7CD78FCC-BAF9-4642-AC04-B1BECE916610}.MinSizeRel|Win32.ActiveCfg = MinSizeRel|Win32
		{7CD78FCC-BAF9-4642-AC04-B1BECE916610}.MinSizeRel|Win32.Build.0 = MinSizeRel|Win32
		{7CD78FCC-BAF9-4642-AC04-B1BECE916610}.RelWithDebInfo|Win32.ActiveCfg = RelWithDebInfo|Win32
		{7CD78FCC-BAF9-4642-AC04-B1BECE916610}.RelWithDebInfo|Win32.Build.0 = RelWithDebInfo|Win32
		{30439C4F-4586-4C30-A86F-058BF69C3651}.Debug|Win32.ActiveCfg = Debug|Win32
		{30439C4F-4586-4C30-A86F-058BF69C3651}.Debug|Win32.Build.0 = Debug|Win32
		{30439C4F-4586-4C30-A86F-058BF69C3651}.Release|Win32.ActiveCfg = Release|Win32
		{30439C4F-4586-4C30-A86F-058BF69C3651}.Release|Win32.Build.0 = Release|Win32
		{30439C4F-4586-4C30-A86F-058BF69C3651}.MinSizeRel|Win32.ActiveCfg = MinSizeRel|Win32
		{30439C4F-4586-4C30-A86F-058BF69C3651}.MinSizeRel|Win32.Build.0 = MinSizeRel|Win32
		{30439C4F-4586-4C30-A86F-058BF69C3651}.RelWithDebInfo|Win32.ActiveCfg = RelWithDebInfo|Win32
		{30439C4F-4586-4C30-A86F-058BF69C3651}.RelWithDebInfo|Win32.Build.0 = RelWithDebInfo|Win32
	EndGlobalSection
	GlobalSection(ExtensibilityGlobals) = postSolution
	EndGlobalSection
	GlobalSection(ExtensibilityAddIns) = postSolution
	EndGlobalSection
EndGlobal
