Microsoft Visual Studio Solution File, Format Version 11.00
# Visual Studio 2010
Project("{8BC9CEB8-8B4A-11D0-8D11-00A0C91BC942}") = "MPRRenderer", "MPRRenderer\MPRRenderer.vcxproj", "{68374094-5842-42CB-B20F-EBA6CF16449E}"
EndProject
Project("{8BC9CEB8-8B4A-11D0-8D11-00A0C91BC942}") = "GLMPRRenderer", "GLMPRRenderer\GLMPRRenderer.vcxproj", "{D356DE38-A70E-49F7-BC17-B936FBB00991}"
EndProject
Project("{8BC9CEB8-8B4A-11D0-8D11-00A0C91BC942}") = "GLVolumeRenderer", "GLVolumeRenderer\GLVolumeRenderer.vcxproj", "{031172DD-D65B-470A-8EFD-2C2F1893CB51}"
EndProject
Project("{8BC9CEB8-8B4A-11D0-8D11-00A0C91BC942}") = "DataIO", "DataIO\DataIO.vcxproj", "{9F77C44B-9E82-4AE8-B546-BE870F3290F7}"
EndProject
Project("{8BC9CEB8-8B4A-11D0-8D11-00A0C91BC942}") = "Convolution", "Convolution\Convolution.vcxproj", "{2F0574A7-B316-4825-97AF-34BDC1F8ED87}"
EndProject
Project("{8BC9CEB8-8B4A-11D0-8D11-00A0C91BC942}") = "EdgeDetection", "EdgeDetection\EdgeDetection.vcxproj", "{CC8C67D5-9869-4843-ADBA-4B4A5EE3574A}"
EndProject
Project("{8BC9CEB8-8B4A-11D0-8D11-00A0C91BC942}") = "Segmentation", "Segmentation\Segmentation.vcxproj", "{25E307D8-B135-4171-925A-4333CD848851}"
EndProject
Project("{8BC9CEB8-8B4A-11D0-8D11-00A0C91BC942}") = "Thresholding", "Thresholding\Thresholding.vcxproj", "{51D115D1-0F5A-4DCA-87D0-324685FF2E02}"
EndProject
Global
	GlobalSection(SolutionConfigurationPlatforms) = preSolution
		Debug|Win32 = Debug|Win32
		Debug32|Win32 = Debug32|Win32
		profile|Win32 = profile|Win32
		Release|Win32 = Release|Win32
		Vli3_64_debug|Win32 = Vli3_64_debug|Win32
		vli3_64_release|Win32 = vli3_64_release|Win32
		vli3_Debug|Win32 = vli3_Debug|Win32
		vli3_Release|Win32 = vli3_Release|Win32
	EndGlobalSection
	GlobalSection(ProjectConfigurationPlatforms) = postSolution
		{68374094-5842-42CB-B20F-EBA6CF16449E}.Debug|Win32.ActiveCfg = Debug|Win32
		{68374094-5842-42CB-B20F-EBA6CF16449E}.Debug|Win32.Build.0 = Debug|Win32
		{68374094-5842-42CB-B20F-EBA6CF16449E}.Debug32|Win32.ActiveCfg = Debug|Win32
		{68374094-5842-42CB-B20F-EBA6CF16449E}.Debug32|Win32.Build.0 = Debug|Win32
		{68374094-5842-42CB-B20F-EBA6CF16449E}.profile|Win32.ActiveCfg = Release|Win32
		{68374094-5842-42CB-B20F-EBA6CF16449E}.profile|Win32.Build.0 = Release|Win32
		{68374094-5842-42CB-B20F-EBA6CF16449E}.Release|Win32.ActiveCfg = Release|Win32
		{68374094-5842-42CB-B20F-EBA6CF16449E}.Release|Win32.Build.0 = Release|Win32
		{68374094-5842-42CB-B20F-EBA6CF16449E}.Vli3_64_debug|Win32.ActiveCfg = Release|Win32
		{68374094-5842-42CB-B20F-EBA6CF16449E}.Vli3_64_debug|Win32.Build.0 = Release|Win32
		{68374094-5842-42CB-B20F-EBA6CF16449E}.vli3_64_release|Win32.ActiveCfg = Release|Win32
		{68374094-5842-42CB-B20F-EBA6CF16449E}.vli3_64_release|Win32.Build.0 = Release|Win32
		{68374094-5842-42CB-B20F-EBA6CF16449E}.vli3_Debug|Win32.ActiveCfg = Debug|Win32
		{68374094-5842-42CB-B20F-EBA6CF16449E}.vli3_Debug|Win32.Build.0 = Debug|Win32
		{68374094-5842-42CB-B20F-EBA6CF16449E}.vli3_Release|Win32.ActiveCfg = Release|Win32
		{68374094-5842-42CB-B20F-EBA6CF16449E}.vli3_Release|Win32.Build.0 = Release|Win32
		{D356DE38-A70E-49F7-BC17-B936FBB00991}.Debug|Win32.ActiveCfg = Debug|Win32
		{D356DE38-A70E-49F7-BC17-B936FBB00991}.Debug|Win32.Build.0 = Debug|Win32
		{D356DE38-A70E-49F7-BC17-B936FBB00991}.Debug32|Win32.ActiveCfg = Debug|Win32
		{D356DE38-A70E-49F7-BC17-B936FBB00991}.Debug32|Win32.Build.0 = Debug|Win32
		{D356DE38-A70E-49F7-BC17-B936FBB00991}.profile|Win32.ActiveCfg = Release|Win32
		{D356DE38-A70E-49F7-BC17-B936FBB00991}.profile|Win32.Build.0 = Release|Win32
		{D356DE38-A70E-49F7-BC17-B936FBB00991}.Release|Win32.ActiveCfg = Release|Win32
		{D356DE38-A70E-49F7-BC17-B936FBB00991}.Release|Win32.Build.0 = Release|Win32
		{D356DE38-A70E-49F7-BC17-B936FBB00991}.Vli3_64_debug|Win32.ActiveCfg = Release|Win32
		{D356DE38-A70E-49F7-BC17-B936FBB00991}.Vli3_64_debug|Win32.Build.0 = Release|Win32
		{D356DE38-A70E-49F7-BC17-B936FBB00991}.vli3_64_release|Win32.ActiveCfg = Release|Win32
		{D356DE38-A70E-49F7-BC17-B936FBB00991}.vli3_64_release|Win32.Build.0 = Release|Win32
		{D356DE38-A70E-49F7-BC17-B936FBB00991}.vli3_Debug|Win32.ActiveCfg = Debug|Win32
		{D356DE38-A70E-49F7-BC17-B936FBB00991}.vli3_Debug|Win32.Build.0 = Debug|Win32
		{D356DE38-A70E-49F7-BC17-B936FBB00991}.vli3_Release|Win32.ActiveCfg = Release|Win32
		{D356DE38-A70E-49F7-BC17-B936FBB00991}.vli3_Release|Win32.Build.0 = Release|Win32
		{031172DD-D65B-470A-8EFD-2C2F1893CB51}.Debug|Win32.ActiveCfg = Debug|Win32
		{031172DD-D65B-470A-8EFD-2C2F1893CB51}.Debug|Win32.Build.0 = Debug|Win32
		{031172DD-D65B-470A-8EFD-2C2F1893CB51}.Debug32|Win32.ActiveCfg = Debug|Win32
		{031172DD-D65B-470A-8EFD-2C2F1893CB51}.Debug32|Win32.Build.0 = Debug|Win32
		{031172DD-D65B-470A-8EFD-2C2F1893CB51}.profile|Win32.ActiveCfg = Release|Win32
		{031172DD-D65B-470A-8EFD-2C2F1893CB51}.profile|Win32.Build.0 = Release|Win32
		{031172DD-D65B-470A-8EFD-2C2F1893CB51}.Release|Win32.ActiveCfg = Release|Win32
		{031172DD-D65B-470A-8EFD-2C2F1893CB51}.Release|Win32.Build.0 = Release|Win32
		{031172DD-D65B-470A-8EFD-2C2F1893CB51}.Vli3_64_debug|Win32.ActiveCfg = Release|Win32
		{031172DD-D65B-470A-8EFD-2C2F1893CB51}.Vli3_64_debug|Win32.Build.0 = Release|Win32
		{031172DD-D65B-470A-8EFD-2C2F1893CB51}.vli3_64_release|Win32.ActiveCfg = Release|Win32
		{031172DD-D65B-470A-8EFD-2C2F1893CB51}.vli3_64_release|Win32.Build.0 = Release|Win32
		{031172DD-D65B-470A-8EFD-2C2F1893CB51}.vli3_Debug|Win32.ActiveCfg = Debug|Win32
		{031172DD-D65B-470A-8EFD-2C2F1893CB51}.vli3_Debug|Win32.Build.0 = Debug|Win32
		{031172DD-D65B-470A-8EFD-2C2F1893CB51}.vli3_Release|Win32.ActiveCfg = Release|Win32
		{031172DD-D65B-470A-8EFD-2C2F1893CB51}.vli3_Release|Win32.Build.0 = Release|Win32
		{9F77C44B-9E82-4AE8-B546-BE870F3290F7}.Debug|Win32.ActiveCfg = Debug|Win32
		{9F77C44B-9E82-4AE8-B546-BE870F3290F7}.Debug|Win32.Build.0 = Debug|Win32
		{9F77C44B-9E82-4AE8-B546-BE870F3290F7}.Debug32|Win32.ActiveCfg = Debug|Win32
		{9F77C44B-9E82-4AE8-B546-BE870F3290F7}.Debug32|Win32.Build.0 = Debug|Win32
		{9F77C44B-9E82-4AE8-B546-BE870F3290F7}.profile|Win32.ActiveCfg = Release|Win32
		{9F77C44B-9E82-4AE8-B546-BE870F3290F7}.profile|Win32.Build.0 = Release|Win32
		{9F77C44B-9E82-4AE8-B546-BE870F3290F7}.Release|Win32.ActiveCfg = Release|Win32
		{9F77C44B-9E82-4AE8-B546-BE870F3290F7}.Release|Win32.Build.0 = Release|Win32
		{9F77C44B-9E82-4AE8-B546-BE870F3290F7}.Vli3_64_debug|Win32.ActiveCfg = Release|Win32
		{9F77C44B-9E82-4AE8-B546-BE870F3290F7}.Vli3_64_debug|Win32.Build.0 = Release|Win32
		{9F77C44B-9E82-4AE8-B546-BE870F3290F7}.vli3_64_release|Win32.ActiveCfg = Release|Win32
		{9F77C44B-9E82-4AE8-B546-BE870F3290F7}.vli3_64_release|Win32.Build.0 = Release|Win32
		{9F77C44B-9E82-4AE8-B546-BE870F3290F7}.vli3_Debug|Win32.ActiveCfg = Debug|Win32
		{9F77C44B-9E82-4AE8-B546-BE870F3290F7}.vli3_Debug|Win32.Build.0 = Debug|Win32
		{9F77C44B-9E82-4AE8-B546-BE870F3290F7}.vli3_Release|Win32.ActiveCfg = Release|Win32
		{9F77C44B-9E82-4AE8-B546-BE870F3290F7}.vli3_Release|Win32.Build.0 = Release|Win32
		{2F0574A7-B316-4825-97AF-34BDC1F8ED87}.Debug|Win32.ActiveCfg = Debug|Win32
		{2F0574A7-B316-4825-97AF-34BDC1F8ED87}.Debug|Win32.Build.0 = Debug|Win32
		{2F0574A7-B316-4825-97AF-34BDC1F8ED87}.Debug32|Win32.ActiveCfg = Debug|Win32
		{2F0574A7-B316-4825-97AF-34BDC1F8ED87}.Debug32|Win32.Build.0 = Debug|Win32
		{2F0574A7-B316-4825-97AF-34BDC1F8ED87}.profile|Win32.ActiveCfg = Release|Win32
		{2F0574A7-B316-4825-97AF-34BDC1F8ED87}.profile|Win32.Build.0 = Release|Win32
		{2F0574A7-B316-4825-97AF-34BDC1F8ED87}.Release|Win32.ActiveCfg = Release|Win32
		{2F0574A7-B316-4825-97AF-34BDC1F8ED87}.Release|Win32.Build.0 = Release|Win32
		{2F0574A7-B316-4825-97AF-34BDC1F8ED87}.Vli3_64_debug|Win32.ActiveCfg = Release|Win32
		{2F0574A7-B316-4825-97AF-34BDC1F8ED87}.Vli3_64_debug|Win32.Build.0 = Release|Win32
		{2F0574A7-B316-4825-97AF-34BDC1F8ED87}.vli3_64_release|Win32.ActiveCfg = Release|Win32
		{2F0574A7-B316-4825-97AF-34BDC1F8ED87}.vli3_64_release|Win32.Build.0 = Release|Win32
		{2F0574A7-B316-4825-97AF-34BDC1F8ED87}.vli3_Debug|Win32.ActiveCfg = Debug|Win32
		{2F0574A7-B316-4825-97AF-34BDC1F8ED87}.vli3_Debug|Win32.Build.0 = Debug|Win32
		{2F0574A7-B316-4825-97AF-34BDC1F8ED87}.vli3_Release|Win32.ActiveCfg = Release|Win32
		{2F0574A7-B316-4825-97AF-34BDC1F8ED87}.vli3_Release|Win32.Build.0 = Release|Win32
		{CC8C67D5-9869-4843-ADBA-4B4A5EE3574A}.Debug|Win32.ActiveCfg = Debug|Win32
		{CC8C67D5-9869-4843-ADBA-4B4A5EE3574A}.Debug|Win32.Build.0 = Debug|Win32
		{CC8C67D5-9869-4843-ADBA-4B4A5EE3574A}.Debug32|Win32.ActiveCfg = Debug|Win32
		{CC8C67D5-9869-4843-ADBA-4B4A5EE3574A}.Debug32|Win32.Build.0 = Debug|Win32
		{CC8C67D5-9869-4843-ADBA-4B4A5EE3574A}.profile|Win32.ActiveCfg = Release|Win32
		{CC8C67D5-9869-4843-ADBA-4B4A5EE3574A}.profile|Win32.Build.0 = Release|Win32
		{CC8C67D5-9869-4843-ADBA-4B4A5EE3574A}.Release|Win32.ActiveCfg = Release|Win32
		{CC8C67D5-9869-4843-ADBA-4B4A5EE3574A}.Release|Win32.Build.0 = Release|Win32
		{CC8C67D5-9869-4843-ADBA-4B4A5EE3574A}.Vli3_64_debug|Win32.ActiveCfg = Release|Win32
		{CC8C67D5-9869-4843-ADBA-4B4A5EE3574A}.Vli3_64_debug|Win32.Build.0 = Release|Win32
		{CC8C67D5-9869-4843-ADBA-4B4A5EE3574A}.vli3_64_release|Win32.ActiveCfg = Release|Win32
		{CC8C67D5-9869-4843-ADBA-4B4A5EE3574A}.vli3_64_release|Win32.Build.0 = Release|Win32
		{CC8C67D5-9869-4843-ADBA-4B4A5EE3574A}.vli3_Debug|Win32.ActiveCfg = Debug|Win32
		{CC8C67D5-9869-4843-ADBA-4B4A5EE3574A}.vli3_Debug|Win32.Build.0 = Debug|Win32
		{CC8C67D5-9869-4843-ADBA-4B4A5EE3574A}.vli3_Release|Win32.ActiveCfg = Release|Win32
		{CC8C67D5-9869-4843-ADBA-4B4A5EE3574A}.vli3_Release|Win32.Build.0 = Release|Win32
		{25E307D8-B135-4171-925A-4333CD848851}.Debug|Win32.ActiveCfg = Debug|Win32
		{25E307D8-B135-4171-925A-4333CD848851}.Debug|Win32.Build.0 = Debug|Win32
		{25E307D8-B135-4171-925A-4333CD848851}.Debug32|Win32.ActiveCfg = Debug|Win32
		{25E307D8-B135-4171-925A-4333CD848851}.Debug32|Win32.Build.0 = Debug|Win32
		{25E307D8-B135-4171-925A-4333CD848851}.profile|Win32.ActiveCfg = Release|Win32
		{25E307D8-B135-4171-925A-4333CD848851}.profile|Win32.Build.0 = Release|Win32
		{25E307D8-B135-4171-925A-4333CD848851}.Release|Win32.ActiveCfg = Release|Win32
		{25E307D8-B135-4171-925A-4333CD848851}.Release|Win32.Build.0 = Release|Win32
		{25E307D8-B135-4171-925A-4333CD848851}.Vli3_64_debug|Win32.ActiveCfg = Release|Win32
		{25E307D8-B135-4171-925A-4333CD848851}.Vli3_64_debug|Win32.Build.0 = Release|Win32
		{25E307D8-B135-4171-925A-4333CD848851}.vli3_64_release|Win32.ActiveCfg = Release|Win32
		{25E307D8-B135-4171-925A-4333CD848851}.vli3_64_release|Win32.Build.0 = Release|Win32
		{25E307D8-B135-4171-925A-4333CD848851}.vli3_Debug|Win32.ActiveCfg = Debug|Win32
		{25E307D8-B135-4171-925A-4333CD848851}.vli3_Debug|Win32.Build.0 = Debug|Win32
		{25E307D8-B135-4171-925A-4333CD848851}.vli3_Release|Win32.ActiveCfg = Release|Win32
		{25E307D8-B135-4171-925A-4333CD848851}.vli3_Release|Win32.Build.0 = Release|Win32
		{51D115D1-0F5A-4DCA-87D0-324685FF2E02}.Debug|Win32.ActiveCfg = Debug|Win32
		{51D115D1-0F5A-4DCA-87D0-324685FF2E02}.Debug|Win32.Build.0 = Debug|Win32
		{51D115D1-0F5A-4DCA-87D0-324685FF2E02}.Debug32|Win32.ActiveCfg = Debug|Win32
		{51D115D1-0F5A-4DCA-87D0-324685FF2E02}.Debug32|Win32.Build.0 = Debug|Win32
		{51D115D1-0F5A-4DCA-87D0-324685FF2E02}.profile|Win32.ActiveCfg = Release|Win32
		{51D115D1-0F5A-4DCA-87D0-324685FF2E02}.profile|Win32.Build.0 = Release|Win32
		{51D115D1-0F5A-4DCA-87D0-324685FF2E02}.Release|Win32.ActiveCfg = Release|Win32
		{51D115D1-0F5A-4DCA-87D0-324685FF2E02}.Release|Win32.Build.0 = Release|Win32
		{51D115D1-0F5A-4DCA-87D0-324685FF2E02}.Vli3_64_debug|Win32.ActiveCfg = Release|Win32
		{51D115D1-0F5A-4DCA-87D0-324685FF2E02}.Vli3_64_debug|Win32.Build.0 = Release|Win32
		{51D115D1-0F5A-4DCA-87D0-324685FF2E02}.vli3_64_release|Win32.ActiveCfg = Release|Win32
		{51D115D1-0F5A-4DCA-87D0-324685FF2E02}.vli3_64_release|Win32.Build.0 = Release|Win32
		{51D115D1-0F5A-4DCA-87D0-324685FF2E02}.vli3_Debug|Win32.ActiveCfg = Debug|Win32
		{51D115D1-0F5A-4DCA-87D0-324685FF2E02}.vli3_Debug|Win32.Build.0 = Debug|Win32
		{51D115D1-0F5A-4DCA-87D0-324685FF2E02}.vli3_Release|Win32.ActiveCfg = Release|Win32
		{51D115D1-0F5A-4DCA-87D0-324685FF2E02}.vli3_Release|Win32.Build.0 = Release|Win32
	EndGlobalSection
	GlobalSection(SolutionProperties) = preSolution
		HideSolutionNode = FALSE
	EndGlobalSection
EndGlobal
